
Microsoft Visual Studio Solution File, Format Version 12.00
# Visual Studio 15
VisualStudioVersion = 15.0.27428.2037
MinimumVisualStudioVersion = 10.0.40219.1
Project("{FAE04EC0-301F-11D3-BF4B-00C04F79EFBC}") = "HinduToHumanConverter", "HinduToHumanConverter\HinduToHumanConverter.csproj", "{DD7CF204-0A12-47F7-B710-F8F3038BFA56}"
EndProject
Global
	GlobalSection(SolutionConfigurationPlatforms) = preSolution
		Debug|Any CPU = Debug|Any CPU
		Release|Any CPU = Release|Any CPU
	EndGlobalSection
	GlobalSection(ProjectConfigurationPlatforms) = postSolution
		{DD7CF204-0A12-47F7-B710-F8F3038BFA56}.Debug|Any CPU.ActiveCfg = Debug|Any CPU
		{DD7CF204-0A12-47F7-B710-F8F3038BFA56}.Debug|Any CPU.Build.0 = Debug|Any CPU
		{DD7CF204-0A12-47F7-B710-F8F3038BFA56}.Release|Any CPU.ActiveCfg = Release|Any CPU
		{DD7CF204-0A12-47F7-B710-F8F3038BFA56}.Release|Any CPU.Build.0 = Release|Any CPU
	EndGlobalSection
	GlobalSection(SolutionProperties) = preSolution
		HideSolutionNode = FALSE
	EndGlobalSection
	GlobalSection(ExtensibilityGlobals) = postSolution
		SolutionGuid = {C9EAB136-6B35-4970-A7BD-DDA8959EFB60}
	EndGlobalSection
EndGlobal
